<Solution>
  <Configurations>
    <Platform Name="x64" />
    <Platform Name="x86" />
  </Configurations>
  <Project Path="QuantForge.CLI/QuantForge.CLI.vcxproj" />
  <Project Path="QuantForge.Core/QuantForge.Core.vcxproj" />
  <Project Path="QuantForge.Tests/QuantForge.Tests.vcxproj" />
</Solution>
